
Microsoft Visual Studio Solution File, Format Version 12.00
# Visual Studio 15
VisualStudioVersion = 15.0.28307.902
MinimumVisualStudioVersion = 10.0.40219.1
Project("{FAE04EC0-301F-11D3-BF4B-00C04F79EFBC}") = "ConsoleUI", "ConsoleUI\ConsoleUI.csproj", "{2D40D918-92C2-42C7-80FE-3366BC2A3CF6}"
EndProject
Project("{FAE04EC0-301F-11D3-BF4B-00C04F79EFBC}") = "DemoLibrary", "DemoLibrary\DemoLibrary.csproj", "{59469CFA-8530-4154-BEE6-F52B5C321864}"
EndProject
Global
	GlobalSection(SolutionConfigurationPlatforms) = preSolution
		Debug|Any CPU = Debug|Any CPU
		Release|Any CPU = Release|Any CPU
	EndGlobalSection
	GlobalSection(ProjectConfigurationPlatforms) = postSolution
		{2D40D918-92C2-42C7-80FE-3366BC2A3CF6}.Debug|Any CPU.ActiveCfg = Debug|Any CPU
		{2D40D918-92C2-42C7-80FE-3366BC2A3CF6}.Debug|Any CPU.Build.0 = Debug|Any CPU
		{2D40D918-92C2-42C7-80FE-3366BC2A3CF6}.Release|Any CPU.ActiveCfg = Release|Any CPU
		{2D40D918-92C2-42C7-80FE-3366BC2A3CF6}.Release|Any CPU.Build.0 = Release|Any CPU
		{59469CFA-8530-4154-BEE6-F52B5C321864}.Debug|Any CPU.ActiveCfg = Debug|Any CPU
		{59469CFA-8530-4154-BEE6-F52B5C321864}.Debug|Any CPU.Build.0 = Debug|Any CPU
		{59469CFA-8530-4154-BEE6-F52B5C321864}.Release|Any CPU.ActiveCfg = Release|Any CPU
		{59469CFA-8530-4154-BEE6-F52B5C321864}.Release|Any CPU.Build.0 = Release|Any CPU
	EndGlobalSection
	GlobalSection(SolutionProperties) = preSolution
		HideSolutionNode = FALSE
	EndGlobalSection
	GlobalSection(ExtensibilityGlobals) = postSolution
		SolutionGuid = {8246FBB5-660E-48AF-8E6C-47DCE7CB12E9}
	EndGlobalSection
EndGlobal
